<?xml version="1.0" encoding="utf-8"?>
<Project ToolsVersion="4.0" xmlns="http://schemas.microsoft.com/developer/msbuild/2003">
  <ItemGroup>
    <Filter Include="Source Files">
      <UniqueIdentifier>{4FC737F1-C7A5-4376-A066-2A32D752A2FF}</UniqueIdentifier>
      <Extensions>cpp;c;cc;cxx;c++;cppm;ixx;def;odl;idl;hpj;bat;asm;asmx</Extensions>
    </Filter>
    <Filter Include="Header Files">
      <UniqueIdentifier>{93995380-89BD-4b04-88EB-625FBE52EBFB}</UniqueIdentifier>
      <Extensions>h;hh;hpp;hxx;h++;hm;inl;inc;ipp;xsd</Extensions>
    </Filter>
    <Filter Include="Resource Files">
      <UniqueIdentifier>{67DA6AB6-F800-4c08-8B7A-83BB121AAD01}</UniqueIdentifier>
      <Extensions>rc;ico;cur;bmp;dlg;rc2;rct;bin;rgs;gif;jpg;jpeg;jpe;resx;tiff;tif;png;wav;mfcribbon-ms</Extensions>
    </Filter>
    <Filter Include="Data">
      <UniqueIdentifier>{6ae8a201-bc90-4bd9-b39f-09a1621d4e0a}</UniqueIdentifier>
    </Filter>
    <Filter Include="file-handling">
      <UniqueIdentifier>{b6497445-d34c-4867-8f47-fee8fd1bbba9}</UniqueIdentifier>
    </Filter>
  </ItemGroup>
  <ItemGroup>
    <ClCompile Include="MyForm.cpp">
      <Filter>Source Files</Filter>
    </ClCompile>
    <ClCompile Include="main.cpp">
      <Filter>Source Files</Filter>
    </ClCompile>
    <ClCompile Include="Neon.cpp">
      <Filter>Source Files</Filter>
    </ClCompile>
    <ClCompile Include="TransparentRenderer.cpp">
      <Filter>Source Files</Filter>
    </ClCompile>
    <ClCompile Include="UC_TEAMS.cpp">
      <Filter>Source Files</Filter>
    </ClCompile>
    <ClCompile Include="file-handling\read.cpp">
      <Filter>file-handling</Filter>
    </ClCompile>
    <ClCompile Include="Src\Coach.cpp">
      <Filter>Source Files</Filter>
    </ClCompile>
    <ClCompile Include="Src\datetime.cpp">
      <Filter>Source Files</Filter>
    </ClCompile>
    <ClCompile Include="Src\Event.cpp">
      <Filter>Source Files</Filter>
    </ClCompile>
    <ClCompile Include="Src\file_handler.cpp">
      <Filter>Source Files</Filter>
    </ClCompile>
    <ClCompile Include="Src\Human.cpp">
      <Filter>Source Files</Filter>
    </ClCompile>
    <ClCompile Include="Src\Match.cpp">
      <Filter>Source Files</Filter>
    </ClCompile>
    <ClCompile Include="Src\Player.cpp">
      <Filter>Source Files</Filter>
    </ClCompile>
    <ClCompile Include="Src\Team.cpp">
      <Filter>Source Files</Filter>
    </ClCompile>
    <ClCompile Include="Src\Tournament.cpp">
      <Filter>Source Files</Filter>
    </ClCompile>
    <ClCompile Include="UC_HOME.cpp">
      <Filter>Source Files</Filter>
    </ClCompile>
    <ClCompile Include="UC_PLAYERS.cpp">
      <Filter>Source Files</Filter>
    </ClCompile>
    <ClCompile Include="UC_MATCHES.cpp">
      <Filter>Source Files</Filter>
    </ClCompile>
    <ClCompile Include="UC_STATS.cpp">
      <Filter>Source Files</Filter>
    </ClCompile>
    <ClCompile Include="UC_RANKING.cpp">
    <ClCompile Include="Loading.cpp">
      <Filter>Source Files</Filter>
    </ClCompile>
  </ItemGroup>
  <ItemGroup>
    <ClInclude Include="MyForm.h">
      <Filter>Header Files</Filter>
    </ClInclude>
    <ClInclude Include="Neon.h">
      <Filter>Header Files</Filter>
    </ClInclude>
    <ClInclude Include="TransparentRenderer.h">
      <Filter>Header Files</Filter>
    </ClInclude>
    <ClInclude Include="UC_TEAMS.h">
      <Filter>Header Files</Filter>
    </ClInclude>
    <ClInclude Include="include\Coach.h">
      <Filter>Header Files</Filter>
    </ClInclude>
    <ClInclude Include="include\datetime.h">
      <Filter>Header Files</Filter>
    </ClInclude>
    <ClInclude Include="include\Event.h">
      <Filter>Header Files</Filter>
    </ClInclude>
    <ClInclude Include="include\file_handler.h">
      <Filter>Header Files</Filter>
    </ClInclude>
    <ClInclude Include="include\Human.h">
      <Filter>Header Files</Filter>
    </ClInclude>
    <ClInclude Include="include\nlohmann\json.hpp">
      <Filter>Header Files</Filter>
    </ClInclude>
    <ClInclude Include="include\Match.h">
      <Filter>Header Files</Filter>
    </ClInclude>
    <ClInclude Include="include\Player.h">
      <Filter>Header Files</Filter>
    </ClInclude>
    <ClInclude Include="include\Team.h">
      <Filter>Header Files</Filter>
    </ClInclude>
    <ClInclude Include="include\Tournament.h">
      <Filter>Header Files</Filter>
    </ClInclude>
    <ClInclude Include="UC_HOME.h">
      <Filter>Header Files</Filter>
    </ClInclude>
    <ClInclude Include="UC_PLAYERS.h">
      <Filter>Header Files</Filter>
    </ClInclude>
    <ClInclude Include="UC_MATCHES.h">
      <Filter>Header Files</Filter>
    </ClInclude>
    <ClInclude Include="UC_STATS.h">
      <Filter>Header Files</Filter>
    </ClInclude>
    <ClInclude Include="UC_RANKING.h">

    <ClInclude Include="Loading.h">
      <Filter>Header Files</Filter>
    </ClInclude>
  </ItemGroup>
  <ItemGroup>
    <None Include="data\tournament.json">
      <Filter>Data</Filter>
    </None>
    <None Include="data\2024\coaches.json">
      <Filter>Data</Filter>
    </None>
    <None Include="data\2024\matches.json">
      <Filter>Data</Filter>
    </None>
    <None Include="data\2024\players.json">
      <Filter>Data</Filter>
    </None>
    <None Include="data\2024\teams.json">
      <Filter>Data</Filter>
    </None>
  </ItemGroup>
  <ItemGroup>
    <Text Include="file-handling\country.txt">
      <Filter>file-handling</Filter>
    </Text>
  </ItemGroup>
</Project>