<?xml version="1.0" encoding="utf-8"?>
<Project ToolsVersion="4.0" xmlns="http://schemas.microsoft.com/developer/msbuild/2003">
  <ItemGroup>
    <ClCompile Include="file-handling\read.cpp" />
    <ClCompile Include="Loading.cpp" />
    <ClCompile Include="main.cpp" />
    <ClCompile Include="MyForm.cpp" />
    <ClCompile Include="Neon.cpp" />
    <ClCompile Include="Src\Coach.cpp" />
    <ClCompile Include="Src\datetime.cpp" />
    <ClCompile Include="Src\Event.cpp" />
    <ClCompile Include="Src\file_handler.cpp" />
    <ClCompile Include="Src\Human.cpp" />
    <ClCompile Include="Src\Match.cpp" />
    <ClCompile Include="Src\Player.cpp" />
    <ClCompile Include="Src\Team.cpp" />
    <ClCompile Include="Src\Tournament.cpp" />
    <ClCompile Include="TransparentRenderer.cpp" />
    <ClCompile Include="UC_HOME.cpp" />
    <ClCompile Include="UC_MATCHES.cpp" />
    <ClCompile Include="UC_PLAYERS.cpp" />
    <ClCompile Include="UC_RANKING.cpp" />
    <ClCompile Include="UC_STATS.cpp" />
    <ClCompile Include="UC_TEAMS.cpp" />
    <ClCompile Include="ImageHelper.cpp" />
    <ClCompile Include="CustomControl.cpp" />
    <ClCompile Include="WrapperPlayer.cpp" />
    <ClCompile Include="NewPlayer.cpp" />
    <ClCompile Include="AddTeam.cpp" />
    <ClCompile Include="TeamInformation.cpp" />
    <ClCompile Include="TeamDataView.cpp" />
  </ItemGroup>
  <ItemGroup>
    <ClInclude Include="include\Coach.h" />
    <ClInclude Include="include\datetime.h" />
    <ClInclude Include="include\Event.h" />
    <ClInclude Include="include\file_handler.h" />
    <ClInclude Include="include\Human.h" />
    <ClInclude Include="include\Match.h" />
    <ClInclude Include="include\nlohmann\json.hpp" />
    <ClInclude Include="include\Player.h" />
    <ClInclude Include="include\Team.h" />
    <ClInclude Include="include\Tournament.h" />
    <ClInclude Include="Loading.h" />
    <ClInclude Include="MyForm.h" />
    <ClInclude Include="Neon.h" />
    <ClInclude Include="TransparentRenderer.h" />
    <ClInclude Include="UC_HOME.h" />
    <ClInclude Include="UC_MATCHES.h" />
    <ClInclude Include="UC_PLAYERS.h" />
    <ClInclude Include="UC_RANKING.h" />
    <ClInclude Include="UC_STATS.h" />
    <ClInclude Include="UC_TEAMS.h" />
    <ClInclude Include="ImageHelper.h" />
    <ClInclude Include="CustomControl.h" />
    <ClInclude Include="WrapperPlayer.h" />
    <ClInclude Include="NewPlayer.h" />
    <ClInclude Include="AddTeam.h" />
    <ClInclude Include="Ultility.h" />
    <ClInclude Include="TeamInformation.h" />
    <ClInclude Include="TeamDataView.h" />
    <ClInclude Include="read.h" />
  </ItemGroup>
  <ItemGroup>
    <None Include="data\tournament.json" />
  </ItemGroup>
  <ItemGroup>
    <Text Include="file-handling\country.txt" />
  </ItemGroup>
  <ItemGroup>
    <EmbeddedResource Include="MyResource.resx" />
  </ItemGroup>
</Project>